{
  "name": "loja-teste",
  "version": "1.0.0",
  "lockfileVersion": 3,
  "requires": true,
  "packages": {
    "": {
      "name": "loja-teste",
      "version": "1.0.0",
      "dependencies": {
        "express": "^4.17.1",
        "jsonwebtoken": "^8.5.1",
        "lodash": "4.17.15",
        "mysql": "^2.18.1"
      }
    },
    "node_modules/body-parser": {
      "version": "1.19.0",
      "resolved": "https://registry.npmjs.org/body-parser/-/body-parser-1.19.0.tgz",
      "dependencies": {
        "qs": "6.7.0"
      }
    },
    "node_modules/express": {
      "version": "4.17.1",
      "resolved": "https://registry.npmjs.org/express/-/express-4.17.1.tgz",
      "dependencies": {
        "body-parser": "1.19.0",
        "qs": "6.7.0"
      }
    },
    "node_modules/jsonwebtoken": {
      "version": "8.5.1",
      "resolved": "https://registry.npmjs.org/jsonwebtoken/-/jsonwebtoken-8.5.1.tgz"
    },
    "node_modules/lodash": {
      "version": "4.17.15",
      "resolved": "https://registry.npmjs.org/lodash/-/lodash-4.17.15.tgz"
    },
    "node_modules/mysql": {
      "version": "2.18.1",
      "resolved": "https://registry.npmjs.org/mysql/-/mysql-2.18.1.tgz"
    },
    "node_modules/qs": {
      "version": "6.7.0",
      "resolved": "https://registry.npmjs.org/qs/-/qs-6.7.0.tgz"
    }
  }
}
